
Microsoft Visual Studio Solution File, Format Version 12.00
# Visual Studio Version 16
VisualStudioVersion = 16.0.30907.101
MinimumVisualStudioVersion = 10.0.40219.1
Project("{FAE04EC0-301F-11D3-BF4B-00C04F79EFBC}") = "noiseGeneratorTests", "noiseGeneratorTests\noiseGeneratorTests.csproj", "{36615AD3-4843-4B57-92D4-6BB2B55C7405}"
EndProject
Global
	GlobalSection(SolutionConfigurationPlatforms) = preSolution
		Debug|Any CPU = Debug|Any CPU
		Release|Any CPU = Release|Any CPU
	EndGlobalSection
	GlobalSection(ProjectConfigurationPlatforms) = postSolution
		{36615AD3-4843-4B57-92D4-6BB2B55C7405}.Debug|Any CPU.ActiveCfg = Debug|Any CPU
		{36615AD3-4843-4B57-92D4-6BB2B55C7405}.Debug|Any CPU.Build.0 = Debug|Any CPU
		{36615AD3-4843-4B57-92D4-6BB2B55C7405}.Release|Any CPU.ActiveCfg = Release|Any CPU
		{36615AD3-4843-4B57-92D4-6BB2B55C7405}.Release|Any CPU.Build.0 = Release|Any CPU
	EndGlobalSection
	GlobalSection(SolutionProperties) = preSolution
		HideSolutionNode = FALSE
	EndGlobalSection
	GlobalSection(ExtensibilityGlobals) = postSolution
		SolutionGuid = {C80BEC2B-68B0-4628-86D4-9E7C16AE257F}
	EndGlobalSection
EndGlobal
